// !$*UTF8*$!
{
	archiveVersion = 1;
	classes = {
	};
	objectVersion = 46;
	objects = {

/* Begin PBXBuildFile section */
		0366F19623F4440D8166CBEE /* libPods.a in Frameworks */ = {isa = PBXBuildFile; fileRef = 916FF9DEC7024FFE95C825D5 /* libPods.a */; };
		09502B8318F631E800428DBF /* ListNavController.m in Sources */ = {isa = PBXBuildFile; fileRef = 09502B8218F631E800428DBF /* ListNavController.m */; };
		09502B8618F6420200428DBF /* UIViewController+ChildControllers.m in Sources */ = {isa = PBXBuildFile; fileRef = 09502B8518F6420200428DBF /* UIViewController+ChildControllers.m */; };
		09BC268718DE0D97003E428C /* AppController.m in Sources */ = {isa = PBXBuildFile; fileRef = 09BC268618DE0D97003E428C /* AppController.m */; };
		09BC268E18DE0E18003E428C /* Logging.m in Sources */ = {isa = PBXBuildFile; fileRef = 09BC268D18DE0E18003E428C /* Logging.m */; };
		09BD22B118DD2B940086369A /* Foundation.framework in Frameworks */ = {isa = PBXBuildFile; fileRef = 09BD22B018DD2B940086369A /* Foundation.framework */; };
		09BD22B318DD2B940086369A /* CoreGraphics.framework in Frameworks */ = {isa = PBXBuildFile; fileRef = 09BD22B218DD2B940086369A /* CoreGraphics.framework */; };
		09BD22B518DD2B940086369A /* UIKit.framework in Frameworks */ = {isa = PBXBuildFile; fileRef = 09BD22B418DD2B940086369A /* UIKit.framework */; };
		09BD22BB18DD2B940086369A /* InfoPlist.strings in Resources */ = {isa = PBXBuildFile; fileRef = 09BD22B918DD2B940086369A /* InfoPlist.strings */; };
		09BD22BD18DD2B940086369A /* main.m in Sources */ = {isa = PBXBuildFile; fileRef = 09BD22BC18DD2B940086369A /* main.m */; };
		09BD22C118DD2B940086369A /* AppDelegate.m in Sources */ = {isa = PBXBuildFile; fileRef = 09BD22C018DD2B940086369A /* AppDelegate.m */; };
		09BD22CC18DD2B940086369A /* Images.xcassets in Resources */ = {isa = PBXBuildFile; fileRef = 09BD22CB18DD2B940086369A /* Images.xcassets */; };
		09BD22D318DD2B940086369A /* XCTest.framework in Frameworks */ = {isa = PBXBuildFile; fileRef = 09BD22D218DD2B940086369A /* XCTest.framework */; };
		09BD22D418DD2B940086369A /* Foundation.framework in Frameworks */ = {isa = PBXBuildFile; fileRef = 09BD22B018DD2B940086369A /* Foundation.framework */; };
		09BD22D518DD2B940086369A /* UIKit.framework in Frameworks */ = {isa = PBXBuildFile; fileRef = 09BD22B418DD2B940086369A /* UIKit.framework */; };
		09BD22DD18DD2B940086369A /* InfoPlist.strings in Resources */ = {isa = PBXBuildFile; fileRef = 09BD22DB18DD2B940086369A /* InfoPlist.strings */; };
		09BD22DF18DD2B940086369A /* BeerTourTests.m in Sources */ = {isa = PBXBuildFile; fileRef = 09BD22DE18DD2B940086369A /* BeerTourTests.m */; };
		09EED9A318DE204500C132E3 /* BreweryDetailController.m in Sources */ = {isa = PBXBuildFile; fileRef = 09EED9A218DE204500C132E3 /* BreweryDetailController.m */; };
		09EED9A618DE219900C132E3 /* Brewery.m in Sources */ = {isa = PBXBuildFile; fileRef = 09EED9A518DE219900C132E3 /* Brewery.m */; };
		09EED9B018DE246F00C132E3 /* UIView+AutoLayout.m in Sources */ = {isa = PBXBuildFile; fileRef = 09EED9AF18DE246F00C132E3 /* UIView+AutoLayout.m */; };
		09EED9B618DE2C2D00C132E3 /* Icons.xcassets in Resources */ = {isa = PBXBuildFile; fileRef = 09EED9B518DE2C2D00C132E3 /* Icons.xcassets */; };
		09EED9B918DE2E0900C132E3 /* MapController.m in Sources */ = {isa = PBXBuildFile; fileRef = 09EED9B818DE2E0900C132E3 /* MapController.m */; };
		09EED9BC18DE2E2200C132E3 /* ListController.m in Sources */ = {isa = PBXBuildFile; fileRef = 09EED9BB18DE2E2200C132E3 /* ListController.m */; };
		09EED9BF18DE50D000C132E3 /* BreweryCollection.m in Sources */ = {isa = PBXBuildFile; fileRef = 09EED9BE18DE50D000C132E3 /* BreweryCollection.m */; };
		09EED9C518DE521F00C132E3 /* ArrayTableDataSource.m in Sources */ = {isa = PBXBuildFile; fileRef = 09EED9C418DE521F00C132E3 /* ArrayTableDataSource.m */; };
		09EED9C818DE537300C132E3 /* BreweryListDataSource.m in Sources */ = {isa = PBXBuildFile; fileRef = 09EED9C718DE537300C132E3 /* BreweryListDataSource.m */; };
		1F03C58809824D4AA95558C5 /* libPods-BeerTourTests.a in Frameworks */ = {isa = PBXBuildFile; fileRef = 248848E41E22462597668747 /* libPods-BeerTourTests.a */; };
/* End PBXBuildFile section */

/* Begin PBXContainerItemProxy section */
		09BD22D618DD2B940086369A /* PBXContainerItemProxy */ = {
			isa = PBXContainerItemProxy;
			containerPortal = 09BD22A518DD2B940086369A /* Project object */;
			proxyType = 1;
			remoteGlobalIDString = 09BD22AC18DD2B940086369A;
			remoteInfo = BeerTour;
		};
/* End PBXContainerItemProxy section */

/* Begin PBXFileReference section */
		09502B8118F631E800428DBF /* ListNavController.h */ = {isa = PBXFileReference; fileEncoding = 4; lastKnownFileType = sourcecode.c.h; name = ListNavController.h; path = Controllers/List/ListNavController.h; sourceTree = "<group>"; };
		09502B8218F631E800428DBF /* ListNavController.m */ = {isa = PBXFileReference; fileEncoding = 4; lastKnownFileType = sourcecode.c.objc; name = ListNavController.m; path = Controllers/List/ListNavController.m; sourceTree = "<group>"; };
		09502B8418F6420200428DBF /* UIViewController+ChildControllers.h */ = {isa = PBXFileReference; fileEncoding = 4; lastKnownFileType = sourcecode.c.h; path = "UIViewController+ChildControllers.h"; sourceTree = "<group>"; };
		09502B8518F6420200428DBF /* UIViewController+ChildControllers.m */ = {isa = PBXFileReference; fileEncoding = 4; lastKnownFileType = sourcecode.c.objc; path = "UIViewController+ChildControllers.m"; sourceTree = "<group>"; };
		09BC268518DE0D97003E428C /* AppController.h */ = {isa = PBXFileReference; fileEncoding = 4; lastKnownFileType = sourcecode.c.h; name = AppController.h; path = Controllers/AppController.h; sourceTree = "<group>"; };
		09BC268618DE0D97003E428C /* AppController.m */ = {isa = PBXFileReference; fileEncoding = 4; lastKnownFileType = sourcecode.c.objc; name = AppController.m; path = Controllers/AppController.m; sourceTree = "<group>"; };
		09BC268C18DE0E18003E428C /* Logging.h */ = {isa = PBXFileReference; fileEncoding = 4; lastKnownFileType = sourcecode.c.h; name = Logging.h; path = Services/Logging.h; sourceTree = "<group>"; };
		09BC268D18DE0E18003E428C /* Logging.m */ = {isa = PBXFileReference; fileEncoding = 4; lastKnownFileType = sourcecode.c.objc; name = Logging.m; path = Services/Logging.m; sourceTree = "<group>"; };
		09BD22AD18DD2B940086369A /* BeerTour.app */ = {isa = PBXFileReference; explicitFileType = wrapper.application; includeInIndex = 0; path = BeerTour.app; sourceTree = BUILT_PRODUCTS_DIR; };
		09BD22B018DD2B940086369A /* Foundation.framework */ = {isa = PBXFileReference; lastKnownFileType = wrapper.framework; name = Foundation.framework; path = System/Library/Frameworks/Foundation.framework; sourceTree = SDKROOT; };
		09BD22B218DD2B940086369A /* CoreGraphics.framework */ = {isa = PBXFileReference; lastKnownFileType = wrapper.framework; name = CoreGraphics.framework; path = System/Library/Frameworks/CoreGraphics.framework; sourceTree = SDKROOT; };
		09BD22B418DD2B940086369A /* UIKit.framework */ = {isa = PBXFileReference; lastKnownFileType = wrapper.framework; name = UIKit.framework; path = System/Library/Frameworks/UIKit.framework; sourceTree = SDKROOT; };
		09BD22B818DD2B940086369A /* BeerTour-Info.plist */ = {isa = PBXFileReference; lastKnownFileType = text.plist.xml; path = "BeerTour-Info.plist"; sourceTree = "<group>"; };
		09BD22BA18DD2B940086369A /* en */ = {isa = PBXFileReference; lastKnownFileType = text.plist.strings; name = en; path = en.lproj/InfoPlist.strings; sourceTree = "<group>"; };
		09BD22BC18DD2B940086369A /* main.m */ = {isa = PBXFileReference; lastKnownFileType = sourcecode.c.objc; path = main.m; sourceTree = "<group>"; };
		09BD22BE18DD2B940086369A /* BeerTour-Prefix.pch */ = {isa = PBXFileReference; lastKnownFileType = sourcecode.c.h; path = "BeerTour-Prefix.pch"; sourceTree = "<group>"; };
		09BD22BF18DD2B940086369A /* AppDelegate.h */ = {isa = PBXFileReference; lastKnownFileType = sourcecode.c.h; path = AppDelegate.h; sourceTree = "<group>"; };
		09BD22C018DD2B940086369A /* AppDelegate.m */ = {isa = PBXFileReference; lastKnownFileType = sourcecode.c.objc; path = AppDelegate.m; sourceTree = "<group>"; };
		09BD22CB18DD2B940086369A /* Images.xcassets */ = {isa = PBXFileReference; lastKnownFileType = folder.assetcatalog; path = Images.xcassets; sourceTree = "<group>"; };
		09BD22D118DD2B940086369A /* BeerTourTests.xctest */ = {isa = PBXFileReference; explicitFileType = wrapper.cfbundle; includeInIndex = 0; path = BeerTourTests.xctest; sourceTree = BUILT_PRODUCTS_DIR; };
		09BD22D218DD2B940086369A /* XCTest.framework */ = {isa = PBXFileReference; lastKnownFileType = wrapper.framework; name = XCTest.framework; path = Library/Frameworks/XCTest.framework; sourceTree = DEVELOPER_DIR; };
		09BD22DA18DD2B940086369A /* BeerTourTests-Info.plist */ = {isa = PBXFileReference; lastKnownFileType = text.plist.xml; path = "BeerTourTests-Info.plist"; sourceTree = "<group>"; };
		09BD22DC18DD2B940086369A /* en */ = {isa = PBXFileReference; lastKnownFileType = text.plist.strings; name = en; path = en.lproj/InfoPlist.strings; sourceTree = "<group>"; };
		09BD22DE18DD2B940086369A /* BeerTourTests.m */ = {isa = PBXFileReference; lastKnownFileType = sourcecode.c.objc; path = BeerTourTests.m; sourceTree = "<group>"; };
		09EED9A118DE204500C132E3 /* BreweryDetailController.h */ = {isa = PBXFileReference; fileEncoding = 4; lastKnownFileType = sourcecode.c.h; name = BreweryDetailController.h; path = Controllers/BreweryDetailController.h; sourceTree = "<group>"; };
		09EED9A218DE204500C132E3 /* BreweryDetailController.m */ = {isa = PBXFileReference; fileEncoding = 4; lastKnownFileType = sourcecode.c.objc; name = BreweryDetailController.m; path = Controllers/BreweryDetailController.m; sourceTree = "<group>"; };
		09EED9A418DE219900C132E3 /* Brewery.h */ = {isa = PBXFileReference; fileEncoding = 4; lastKnownFileType = sourcecode.c.h; name = Brewery.h; path = Models/Brewery.h; sourceTree = "<group>"; };
		09EED9A518DE219900C132E3 /* Brewery.m */ = {isa = PBXFileReference; fileEncoding = 4; lastKnownFileType = sourcecode.c.objc; name = Brewery.m; path = Models/Brewery.m; sourceTree = "<group>"; };
		09EED9AE18DE246F00C132E3 /* UIView+AutoLayout.h */ = {isa = PBXFileReference; fileEncoding = 4; lastKnownFileType = sourcecode.c.h; name = "UIView+AutoLayout.h"; path = "Library/Ext/UIView+AutoLayout.h"; sourceTree = "<group>"; };
		09EED9AF18DE246F00C132E3 /* UIView+AutoLayout.m */ = {isa = PBXFileReference; fileEncoding = 4; lastKnownFileType = sourcecode.c.objc; name = "UIView+AutoLayout.m"; path = "Library/Ext/UIView+AutoLayout.m"; sourceTree = "<group>"; };
		09EED9B518DE2C2D00C132E3 /* Icons.xcassets */ = {isa = PBXFileReference; lastKnownFileType = folder.assetcatalog; path = Icons.xcassets; sourceTree = "<group>"; };
		09EED9B718DE2E0900C132E3 /* MapController.h */ = {isa = PBXFileReference; fileEncoding = 4; lastKnownFileType = sourcecode.c.h; name = MapController.h; path = Controllers/MapController.h; sourceTree = "<group>"; };
		09EED9B818DE2E0900C132E3 /* MapController.m */ = {isa = PBXFileReference; fileEncoding = 4; lastKnownFileType = sourcecode.c.objc; name = MapController.m; path = Controllers/MapController.m; sourceTree = "<group>"; };
		09EED9BA18DE2E2200C132E3 /* ListController.h */ = {isa = PBXFileReference; fileEncoding = 4; lastKnownFileType = sourcecode.c.h; name = ListController.h; path = Controllers/ListController.h; sourceTree = "<group>"; };
		09EED9BB18DE2E2200C132E3 /* ListController.m */ = {isa = PBXFileReference; fileEncoding = 4; lastKnownFileType = sourcecode.c.objc; name = ListController.m; path = Controllers/ListController.m; sourceTree = "<group>"; };
		09EED9BD18DE50D000C132E3 /* BreweryCollection.h */ = {isa = PBXFileReference; fileEncoding = 4; lastKnownFileType = sourcecode.c.h; name = BreweryCollection.h; path = Models/BreweryCollection.h; sourceTree = "<group>"; };
		09EED9BE18DE50D000C132E3 /* BreweryCollection.m */ = {isa = PBXFileReference; fileEncoding = 4; lastKnownFileType = sourcecode.c.objc; name = BreweryCollection.m; path = Models/BreweryCollection.m; sourceTree = "<group>"; };
		09EED9C318DE521F00C132E3 /* ArrayTableDataSource.h */ = {isa = PBXFileReference; fileEncoding = 4; lastKnownFileType = sourcecode.c.h; name = ArrayTableDataSource.h; path = Library/ArrayTableDataSource.h; sourceTree = "<group>"; };
		09EED9C418DE521F00C132E3 /* ArrayTableDataSource.m */ = {isa = PBXFileReference; fileEncoding = 4; lastKnownFileType = sourcecode.c.objc; name = ArrayTableDataSource.m; path = Library/ArrayTableDataSource.m; sourceTree = "<group>"; };
		09EED9C618DE537300C132E3 /* BreweryListDataSource.h */ = {isa = PBXFileReference; fileEncoding = 4; lastKnownFileType = sourcecode.c.h; name = BreweryListDataSource.h; path = Models/BreweryListDataSource.h; sourceTree = "<group>"; };
		09EED9C718DE537300C132E3 /* BreweryListDataSource.m */ = {isa = PBXFileReference; fileEncoding = 4; lastKnownFileType = sourcecode.c.objc; name = BreweryListDataSource.m; path = Models/BreweryListDataSource.m; sourceTree = "<group>"; };
		1873A82DDA5B44458BBA7F99 /* Pods.xcconfig */ = {isa = PBXFileReference; includeInIndex = 1; lastKnownFileType = text.xcconfig; name = Pods.xcconfig; path = Pods/Pods.xcconfig; sourceTree = "<group>"; };
		248848E41E22462597668747 /* libPods-BeerTourTests.a */ = {isa = PBXFileReference; explicitFileType = archive.ar; includeInIndex = 0; path = "libPods-BeerTourTests.a"; sourceTree = BUILT_PRODUCTS_DIR; };
		2BAD4ECDF9334FF5820793F3 /* Pods-BeerTourTests.xcconfig */ = {isa = PBXFileReference; includeInIndex = 1; lastKnownFileType = text.xcconfig; name = "Pods-BeerTourTests.xcconfig"; path = "Pods/Pods-BeerTourTests.xcconfig"; sourceTree = "<group>"; };
		916FF9DEC7024FFE95C825D5 /* libPods.a */ = {isa = PBXFileReference; explicitFileType = archive.ar; includeInIndex = 0; path = libPods.a; sourceTree = BUILT_PRODUCTS_DIR; };
/* End PBXFileReference section */

/* Begin PBXFrameworksBuildPhase section */
		09BD22AA18DD2B940086369A /* Frameworks */ = {
			isa = PBXFrameworksBuildPhase;
			buildActionMask = 2147483647;
			files = (
				09BD22B318DD2B940086369A /* CoreGraphics.framework in Frameworks */,
				09BD22B518DD2B940086369A /* UIKit.framework in Frameworks */,
				09BD22B118DD2B940086369A /* Foundation.framework in Frameworks */,
				0366F19623F4440D8166CBEE /* libPods.a in Frameworks */,
			);
			runOnlyForDeploymentPostprocessing = 0;
		};
		09BD22CE18DD2B940086369A /* Frameworks */ = {
			isa = PBXFrameworksBuildPhase;
			buildActionMask = 2147483647;
			files = (
				09BD22D318DD2B940086369A /* XCTest.framework in Frameworks */,
				09BD22D518DD2B940086369A /* UIKit.framework in Frameworks */,
				09BD22D418DD2B940086369A /* Foundation.framework in Frameworks */,
				1F03C58809824D4AA95558C5 /* libPods-BeerTourTests.a in Frameworks */,
			);
			runOnlyForDeploymentPostprocessing = 0;
		};
/* End PBXFrameworksBuildPhase section */

/* Begin PBXGroup section */
		09502B8018F631AA00428DBF /* List */ = {
			isa = PBXGroup;
			children = (
				09EED9BA18DE2E2200C132E3 /* ListController.h */,
				09EED9BB18DE2E2200C132E3 /* ListController.m */,
				09502B8118F631E800428DBF /* ListNavController.h */,
				09502B8218F631E800428DBF /* ListNavController.m */,
			);
			name = List;
			sourceTree = "<group>";
		};
		09BC268418DE0D79003E428C /* Controllers */ = {
			isa = PBXGroup;
			children = (
				09502B8018F631AA00428DBF /* List */,
				09BC268518DE0D97003E428C /* AppController.h */,
				09BC268618DE0D97003E428C /* AppController.m */,
				09EED9B718DE2E0900C132E3 /* MapController.h */,
				09EED9B818DE2E0900C132E3 /* MapController.m */,
				09EED9A118DE204500C132E3 /* BreweryDetailController.h */,
				09EED9A218DE204500C132E3 /* BreweryDetailController.m */,
			);
			name = Controllers;
			sourceTree = "<group>";
		};
		09BC268818DE0DE9003E428C /* Services */ = {
			isa = PBXGroup;
			children = (
				09BC268C18DE0E18003E428C /* Logging.h */,
				09BC268D18DE0E18003E428C /* Logging.m */,
			);
			name = Services;
			sourceTree = "<group>";
		};
		09BD22A418DD2B940086369A = {
			isa = PBXGroup;
			children = (
				09BD22B618DD2B940086369A /* BeerTour */,
				09BD22D818DD2B940086369A /* BeerTourTests */,
				09BD22AF18DD2B940086369A /* Frameworks */,
				09BD22AE18DD2B940086369A /* Products */,
				2BAD4ECDF9334FF5820793F3 /* Pods-BeerTourTests.xcconfig */,
				1873A82DDA5B44458BBA7F99 /* Pods.xcconfig */,
			);
			sourceTree = "<group>";
		};
		09BD22AE18DD2B940086369A /* Products */ = {
			isa = PBXGroup;
			children = (
				09BD22AD18DD2B940086369A /* BeerTour.app */,
				09BD22D118DD2B940086369A /* BeerTourTests.xctest */,
			);
			name = Products;
			sourceTree = "<group>";
		};
		09BD22AF18DD2B940086369A /* Frameworks */ = {
			isa = PBXGroup;
			children = (
				09BD22B018DD2B940086369A /* Foundation.framework */,
				09BD22B218DD2B940086369A /* CoreGraphics.framework */,
				09BD22B418DD2B940086369A /* UIKit.framework */,
				09BD22D218DD2B940086369A /* XCTest.framework */,
				248848E41E22462597668747 /* libPods-BeerTourTests.a */,
				916FF9DEC7024FFE95C825D5 /* libPods.a */,
			);
			name = Frameworks;
			sourceTree = "<group>";
		};
		09BD22B618DD2B940086369A /* BeerTour */ = {
			isa = PBXGroup;
			children = (
				09BC268818DE0DE9003E428C /* Services */,
				09BC268418DE0D79003E428C /* Controllers */,
				09EED9A718DE219F00C132E3 /* Models */,
				09EED9A918DE243000C132E3 /* Library */,
				09BD22BF18DD2B940086369A /* AppDelegate.h */,
				09BD22C018DD2B940086369A /* AppDelegate.m */,
				09BD22B718DD2B940086369A /* Supporting Files */,
				09BD22CB18DD2B940086369A /* Images.xcassets */,
				09EED9B518DE2C2D00C132E3 /* Icons.xcassets */,
			);
			path = BeerTour;
			sourceTree = "<group>";
		};
		09BD22B718DD2B940086369A /* Supporting Files */ = {
			isa = PBXGroup;
			children = (
				09BD22B818DD2B940086369A /* BeerTour-Info.plist */,
				09BD22B918DD2B940086369A /* InfoPlist.strings */,
				09BD22BC18DD2B940086369A /* main.m */,
				09BD22BE18DD2B940086369A /* BeerTour-Prefix.pch */,
			);
			name = "Supporting Files";
			sourceTree = "<group>";
		};
		09BD22D818DD2B940086369A /* BeerTourTests */ = {
			isa = PBXGroup;
			children = (
				09BD22DE18DD2B940086369A /* BeerTourTests.m */,
				09BD22D918DD2B940086369A /* Supporting Files */,
			);
			path = BeerTourTests;
			sourceTree = "<group>";
		};
		09BD22D918DD2B940086369A /* Supporting Files */ = {
			isa = PBXGroup;
			children = (
				09BD22DA18DD2B940086369A /* BeerTourTests-Info.plist */,
				09BD22DB18DD2B940086369A /* InfoPlist.strings */,
			);
			name = "Supporting Files";
			sourceTree = "<group>";
		};
		09EED9A718DE219F00C132E3 /* Models */ = {
			isa = PBXGroup;
			children = (
				09EED9A418DE219900C132E3 /* Brewery.h */,
				09EED9A518DE219900C132E3 /* Brewery.m */,
				09EED9BD18DE50D000C132E3 /* BreweryCollection.h */,
				09EED9BE18DE50D000C132E3 /* BreweryCollection.m */,
				09EED9C618DE537300C132E3 /* BreweryListDataSource.h */,
				09EED9C718DE537300C132E3 /* BreweryListDataSource.m */,
			);
			name = Models;
			sourceTree = "<group>";
		};
		09EED9A918DE243000C132E3 /* Library */ = {
			isa = PBXGroup;
			children = (
				09EED9C318DE521F00C132E3 /* ArrayTableDataSource.h */,
				09EED9C418DE521F00C132E3 /* ArrayTableDataSource.m */,
				09EED9AA18DE243400C132E3 /* Ext */,
			);
			name = Library;
			sourceTree = "<group>";
		};
		09EED9AA18DE243400C132E3 /* Ext */ = {
			isa = PBXGroup;
			children = (
				09502B8418F6420200428DBF /* UIViewController+ChildControllers.h */,
				09502B8518F6420200428DBF /* UIViewController+ChildControllers.m */,
				09EED9AE18DE246F00C132E3 /* UIView+AutoLayout.h */,
				09EED9AF18DE246F00C132E3 /* UIView+AutoLayout.m */,
			);
			name = Ext;
			sourceTree = "<group>";
		};
/* End PBXGroup section */

/* Begin PBXNativeTarget section */
		09BD22AC18DD2B940086369A /* BeerTour */ = {
			isa = PBXNativeTarget;
			buildConfigurationList = 09BD22E218DD2B940086369A /* Build configuration list for PBXNativeTarget "BeerTour" */;
			buildPhases = (
				A4B5FD89365844EF92D6DD3C /* Check Pods Manifest.lock */,
				09BD22A918DD2B940086369A /* Sources */,
				09BD22AA18DD2B940086369A /* Frameworks */,
				09BD22AB18DD2B940086369A /* Resources */,
				8F2835D12CC9404AAA72DE4F /* Copy Pods Resources */,
			);
			buildRules = (
			);
			dependencies = (
			);
			name = BeerTour;
			productName = BeerTour;
			productReference = 09BD22AD18DD2B940086369A /* BeerTour.app */;
			productType = "com.apple.product-type.application";
		};
		09BD22D018DD2B940086369A /* BeerTourTests */ = {
			isa = PBXNativeTarget;
			buildConfigurationList = 09BD22E518DD2B940086369A /* Build configuration list for PBXNativeTarget "BeerTourTests" */;
			buildPhases = (
				CF9CCAE004CB408C9CFFD621 /* Check Pods Manifest.lock */,
				09BD22CD18DD2B940086369A /* Sources */,
				09BD22CE18DD2B940086369A /* Frameworks */,
				09BD22CF18DD2B940086369A /* Resources */,
				A19F1F58933E4405AB07C17B /* Copy Pods Resources */,
			);
			buildRules = (
			);
			dependencies = (
				09BD22D718DD2B940086369A /* PBXTargetDependency */,
			);
			name = BeerTourTests;
			productName = BeerTourTests;
			productReference = 09BD22D118DD2B940086369A /* BeerTourTests.xctest */;
			productType = "com.apple.product-type.bundle.unit-test";
		};
/* End PBXNativeTarget section */

/* Begin PBXProject section */
		09BD22A518DD2B940086369A /* Project object */ = {
			isa = PBXProject;
			attributes = {
				LastUpgradeCheck = 0510;
				ORGANIZATIONNAME = "Razormoose LLC";
				TargetAttributes = {
					09BD22D018DD2B940086369A = {
						TestTargetID = 09BD22AC18DD2B940086369A;
					};
				};
			};
			buildConfigurationList = 09BD22A818DD2B940086369A /* Build configuration list for PBXProject "BeerTour" */;
			compatibilityVersion = "Xcode 3.2";
			developmentRegion = English;
			hasScannedForEncodings = 0;
			knownRegions = (
				en,
				Base,
			);
			mainGroup = 09BD22A418DD2B940086369A;
			productRefGroup = 09BD22AE18DD2B940086369A /* Products */;
			projectDirPath = "";
			projectRoot = "";
			targets = (
				09BD22AC18DD2B940086369A /* BeerTour */,
				09BD22D018DD2B940086369A /* BeerTourTests */,
			);
		};
/* End PBXProject section */

/* Begin PBXResourcesBuildPhase section */
		09BD22AB18DD2B940086369A /* Resources */ = {
			isa = PBXResourcesBuildPhase;
			buildActionMask = 2147483647;
			files = (
				09BD22CC18DD2B940086369A /* Images.xcassets in Resources */,
				09EED9B618DE2C2D00C132E3 /* Icons.xcassets in Resources */,
				09BD22BB18DD2B940086369A /* InfoPlist.strings in Resources */,
			);
			runOnlyForDeploymentPostprocessing = 0;
		};
		09BD22CF18DD2B940086369A /* Resources */ = {
			isa = PBXResourcesBuildPhase;
			buildActionMask = 2147483647;
			files = (
				09BD22DD18DD2B940086369A /* InfoPlist.strings in Resources */,
			);
			runOnlyForDeploymentPostprocessing = 0;
		};
/* End PBXResourcesBuildPhase section */

/* Begin PBXShellScriptBuildPhase section */
		8F2835D12CC9404AAA72DE4F /* Copy Pods Resources */ = {
			isa = PBXShellScriptBuildPhase;
			buildActionMask = 2147483647;
			files = (
			);
			inputPaths = (
			);
			name = "Copy Pods Resources";
			outputPaths = (
			);
			runOnlyForDeploymentPostprocessing = 0;
			shellPath = /bin/sh;
			shellScript = "\"${SRCROOT}/Pods/Pods-resources.sh\"\n";
			showEnvVarsInLog = 0;
		};
		A19F1F58933E4405AB07C17B /* Copy Pods Resources */ = {
			isa = PBXShellScriptBuildPhase;
			buildActionMask = 2147483647;
			files = (
			);
			inputPaths = (
			);
			name = "Copy Pods Resources";
			outputPaths = (
			);
			runOnlyForDeploymentPostprocessing = 0;
			shellPath = /bin/sh;
			shellScript = "\"${SRCROOT}/Pods/Pods-BeerTourTests-resources.sh\"\n";
			showEnvVarsInLog = 0;
		};
		A4B5FD89365844EF92D6DD3C /* Check Pods Manifest.lock */ = {
			isa = PBXShellScriptBuildPhase;
			buildActionMask = 2147483647;
			files = (
			);
			inputPaths = (
			);
			name = "Check Pods Manifest.lock";
			outputPaths = (
			);
			runOnlyForDeploymentPostprocessing = 0;
			shellPath = /bin/bash;
			shellScript = "/usr/bin/diff \"${PODS_ROOT}/../Podfile.lock\" \"${PODS_ROOT}/Manifest.lock\" > /dev/null\nif [[ $? != 0 ]] ; then\n    /usr/bin/cat << EOM\nerror: The sandbox is not in sync with the Podfile.lock. Run 'pod install' or update your CocoaPods installation.\nEOM\n    exit 1\nfi\n";
		};
		CF9CCAE004CB408C9CFFD621 /* Check Pods Manifest.lock */ = {
			isa = PBXShellScriptBuildPhase;
			buildActionMask = 2147483647;
			files = (
			);
			inputPaths = (
			);
			name = "Check Pods Manifest.lock";
			outputPaths = (
			);
			runOnlyForDeploymentPostprocessing = 0;
			shellPath = /bin/sh;
			shellScript = "/usr/bin/diff \"${PODS_ROOT}/../Podfile.lock\" \"${PODS_ROOT}/Manifest.lock\" > /dev/null\nif [[ $? != 0 ]] ; then\n    /usr/bin/cat << EOM\nerror: The sandbox is not in sync with the Podfile.lock. Run 'pod install' or update your CocoaPods installation.\nEOM\n    exit 1\nfi\n";
			showEnvVarsInLog = 0;
		};
/* End PBXShellScriptBuildPhase section */

/* Begin PBXSourcesBuildPhase section */
		09BD22A918DD2B940086369A /* Sources */ = {
			isa = PBXSourcesBuildPhase;
			buildActionMask = 2147483647;
			files = (
				09EED9BC18DE2E2200C132E3 /* ListController.m in Sources */,
				09502B8618F6420200428DBF /* UIViewController+ChildControllers.m in Sources */,
				09EED9A618DE219900C132E3 /* Brewery.m in Sources */,
				09EED9A318DE204500C132E3 /* BreweryDetailController.m in Sources */,
				09BD22C118DD2B940086369A /* AppDelegate.m in Sources */,
				09EED9C518DE521F00C132E3 /* ArrayTableDataSource.m in Sources */,
				09EED9C818DE537300C132E3 /* BreweryListDataSource.m in Sources */,
				09BC268718DE0D97003E428C /* AppController.m in Sources */,
				09EED9B918DE2E0900C132E3 /* MapController.m in Sources */,
				09BD22BD18DD2B940086369A /* main.m in Sources */,
				09EED9B018DE246F00C132E3 /* UIView+AutoLayout.m in Sources */,
				09EED9BF18DE50D000C132E3 /* BreweryCollection.m in Sources */,
				09BC268E18DE0E18003E428C /* Logging.m in Sources */,
				09502B8318F631E800428DBF /* ListNavController.m in Sources */,
			);
			runOnlyForDeploymentPostprocessing = 0;
		};
		09BD22CD18DD2B940086369A /* Sources */ = {
			isa = PBXSourcesBuildPhase;
			buildActionMask = 2147483647;
			files = (
				09BD22DF18DD2B940086369A /* BeerTourTests.m in Sources */,
			);
			runOnlyForDeploymentPostprocessing = 0;
		};
/* End PBXSourcesBuildPhase section */

/* Begin PBXTargetDependency section */
		09BD22D718DD2B940086369A /* PBXTargetDependency */ = {
			isa = PBXTargetDependency;
			target = 09BD22AC18DD2B940086369A /* BeerTour */;
			targetProxy = 09BD22D618DD2B940086369A /* PBXContainerItemProxy */;
		};
/* End PBXTargetDependency section */

/* Begin PBXVariantGroup section */
		09BD22B918DD2B940086369A /* InfoPlist.strings */ = {
			isa = PBXVariantGroup;
			children = (
				09BD22BA18DD2B940086369A /* en */,
			);
			name = InfoPlist.strings;
			sourceTree = "<group>";
		};
		09BD22DB18DD2B940086369A /* InfoPlist.strings */ = {
			isa = PBXVariantGroup;
			children = (
				09BD22DC18DD2B940086369A /* en */,
			);
			name = InfoPlist.strings;
			sourceTree = "<group>";
		};
/* End PBXVariantGroup section */

/* Begin XCBuildConfiguration section */
		09BD22E018DD2B940086369A /* Debug */ = {
			isa = XCBuildConfiguration;
			buildSettings = {
				ALWAYS_SEARCH_USER_PATHS = NO;
				CLANG_CXX_LANGUAGE_STANDARD = "gnu++0x";
				CLANG_CXX_LIBRARY = "libc++";
				CLANG_ENABLE_MODULES = YES;
				CLANG_ENABLE_OBJC_ARC = YES;
				CLANG_WARN_BOOL_CONVERSION = YES;
				CLANG_WARN_CONSTANT_CONVERSION = YES;
				CLANG_WARN_DIRECT_OBJC_ISA_USAGE = YES_ERROR;
				CLANG_WARN_EMPTY_BODY = YES;
				CLANG_WARN_ENUM_CONVERSION = YES;
				CLANG_WARN_INT_CONVERSION = YES;
				CLANG_WARN_OBJC_ROOT_CLASS = YES_ERROR;
				CLANG_WARN__DUPLICATE_METHOD_MATCH = YES;
				"CODE_SIGN_IDENTITY[sdk=iphoneos*]" = "iPhone Developer";
				COPY_PHASE_STRIP = NO;
				GCC_C_LANGUAGE_STANDARD = gnu99;
				GCC_DYNAMIC_NO_PIC = NO;
				GCC_OPTIMIZATION_LEVEL = 0;
				GCC_PREPROCESSOR_DEFINITIONS = (
					"DEBUG=1",
					"$(inherited)",
				);
				GCC_SYMBOLS_PRIVATE_EXTERN = NO;
				GCC_WARN_64_TO_32_BIT_CONVERSION = YES;
				GCC_WARN_ABOUT_RETURN_TYPE = YES_ERROR;
				GCC_WARN_UNDECLARED_SELECTOR = YES;
				GCC_WARN_UNINITIALIZED_AUTOS = YES_AGGRESSIVE;
				GCC_WARN_UNUSED_FUNCTION = YES;
				GCC_WARN_UNUSED_VARIABLE = YES;
				IPHONEOS_DEPLOYMENT_TARGET = 7.1;
				ONLY_ACTIVE_ARCH = YES;
				SDKROOT = iphoneos;
			};
			name = Debug;
		};
		09BD22E118DD2B940086369A /* Release */ = {
			isa = XCBuildConfiguration;
			buildSettings = {
				ALWAYS_SEARCH_USER_PATHS = NO;
				CLANG_CXX_LANGUAGE_STANDARD = "gnu++0x";
				CLANG_CXX_LIBRARY = "libc++";
				CLANG_ENABLE_MODULES = YES;
				CLANG_ENABLE_OBJC_ARC = YES;
				CLANG_WARN_BOOL_CONVERSION = YES;
				CLANG_WARN_CONSTANT_CONVERSION = YES;
				CLANG_WARN_DIRECT_OBJC_ISA_USAGE = YES_ERROR;
				CLANG_WARN_EMPTY_BODY = YES;
				CLANG_WARN_ENUM_CONVERSION = YES;
				CLANG_WARN_INT_CONVERSION = YES;
				CLANG_WARN_OBJC_ROOT_CLASS = YES_ERROR;
				CLANG_WARN__DUPLICATE_METHOD_MATCH = YES;
				"CODE_SIGN_IDENTITY[sdk=iphoneos*]" = "iPhone Developer";
				COPY_PHASE_STRIP = YES;
				ENABLE_NS_ASSERTIONS = NO;
				GCC_C_LANGUAGE_STANDARD = gnu99;
				GCC_WARN_64_TO_32_BIT_CONVERSION = YES;
				GCC_WARN_ABOUT_RETURN_TYPE = YES_ERROR;
				GCC_WARN_UNDECLARED_SELECTOR = YES;
				GCC_WARN_UNINITIALIZED_AUTOS = YES_AGGRESSIVE;
				GCC_WARN_UNUSED_FUNCTION = YES;
				GCC_WARN_UNUSED_VARIABLE = YES;
				IPHONEOS_DEPLOYMENT_TARGET = 7.1;
				SDKROOT = iphoneos;
				VALIDATE_PRODUCT = YES;
			};
			name = Release;
		};
		09BD22E318DD2B940086369A /* Debug */ = {
			isa = XCBuildConfiguration;
			baseConfigurationReference = 1873A82DDA5B44458BBA7F99 /* Pods.xcconfig */;
			buildSettings = {
				ASSETCATALOG_COMPILER_APPICON_NAME = AppIcon;
				ASSETCATALOG_COMPILER_LAUNCHIMAGE_NAME = LaunchImage;
				GCC_PRECOMPILE_PREFIX_HEADER = YES;
				GCC_PREFIX_HEADER = "BeerTour/BeerTour-Prefix.pch";
				INFOPLIST_FILE = "BeerTour/BeerTour-Info.plist";
				PRODUCT_NAME = "$(TARGET_NAME)";
				WRAPPER_EXTENSION = app;
			};
			name = Debug;
		};
		09BD22E418DD2B940086369A /* Release */ = {
			isa = XCBuildConfiguration;
			baseConfigurationReference = 1873A82DDA5B44458BBA7F99 /* Pods.xcconfig */;
			buildSettings = {
				ASSETCATALOG_COMPILER_APPICON_NAME = AppIcon;
				ASSETCATALOG_COMPILER_LAUNCHIMAGE_NAME = LaunchImage;
				GCC_PRECOMPILE_PREFIX_HEADER = YES;
				GCC_PREFIX_HEADER = "BeerTour/BeerTour-Prefix.pch";
				INFOPLIST_FILE = "BeerTour/BeerTour-Info.plist";
				PRODUCT_NAME = "$(TARGET_NAME)";
				WRAPPER_EXTENSION = app;
			};
			name = Release;
		};
		09BD22E618DD2B940086369A /* Debug */ = {
			isa = XCBuildConfiguration;
			baseConfigurationReference = 2BAD4ECDF9334FF5820793F3 /* Pods-BeerTourTests.xcconfig */;
			buildSettings = {
				BUNDLE_LOADER = "$(BUILT_PRODUCTS_DIR)/BeerTour.app/BeerTour";
				FRAMEWORK_SEARCH_PATHS = (
					"$(SDKROOT)/Developer/Library/Frameworks",
					"$(inherited)",
					"$(DEVELOPER_FRAMEWORKS_DIR)",
				);
				GCC_PRECOMPILE_PREFIX_HEADER = YES;
				GCC_PREFIX_HEADER = "BeerTour/BeerTour-Prefix.pch";
				GCC_PREPROCESSOR_DEFINITIONS = (
					"DEBUG=1",
					"$(inherited)",
				);
				INFOPLIST_FILE = "BeerTourTests/BeerTourTests-Info.plist";
				PRODUCT_NAME = "$(TARGET_NAME)";
				TEST_HOST = "$(BUNDLE_LOADER)";
				WRAPPER_EXTENSION = xctest;
			};
			name = Debug;
		};
		09BD22E718DD2B940086369A /* Release */ = {
			isa = XCBuildConfiguration;
			baseConfigurationReference = 2BAD4ECDF9334FF5820793F3 /* Pods-BeerTourTests.xcconfig */;
			buildSettings = {
				BUNDLE_LOADER = "$(BUILT_PRODUCTS_DIR)/BeerTour.app/BeerTour";
				FRAMEWORK_SEARCH_PATHS = (
					"$(SDKROOT)/Developer/Library/Frameworks",
					"$(inherited)",
					"$(DEVELOPER_FRAMEWORKS_DIR)",
				);
				GCC_PRECOMPILE_PREFIX_HEADER = YES;
				GCC_PREFIX_HEADER = "BeerTour/BeerTour-Prefix.pch";
				INFOPLIST_FILE = "BeerTourTests/BeerTourTests-Info.plist";
				PRODUCT_NAME = "$(TARGET_NAME)";
				TEST_HOST = "$(BUNDLE_LOADER)";
				WRAPPER_EXTENSION = xctest;
			};
			name = Release;
		};
/* End XCBuildConfiguration section */

/* Begin XCConfigurationList section */
		09BD22A818DD2B940086369A /* Build configuration list for PBXProject "BeerTour" */ = {
			isa = XCConfigurationList;
			buildConfigurations = (
				09BD22E018DD2B940086369A /* Debug */,
				09BD22E118DD2B940086369A /* Release */,
			);
			defaultConfigurationIsVisible = 0;
			defaultConfigurationName = Release;
		};
		09BD22E218DD2B940086369A /* Build configuration list for PBXNativeTarget "BeerTour" */ = {
			isa = XCConfigurationList;
			buildConfigurations = (
				09BD22E318DD2B940086369A /* Debug */,
				09BD22E418DD2B940086369A /* Release */,
			);
			defaultConfigurationIsVisible = 0;
			defaultConfigurationName = Release;
		};
		09BD22E518DD2B940086369A /* Build configuration list for PBXNativeTarget "BeerTourTests" */ = {
			isa = XCConfigurationList;
			buildConfigurations = (
				09BD22E618DD2B940086369A /* Debug */,
				09BD22E718DD2B940086369A /* Release */,
			);
			defaultConfigurationIsVisible = 0;
			defaultConfigurationName = Release;
		};
/* End XCConfigurationList section */
	};
	rootObject = 09BD22A518DD2B940086369A /* Project object */;
}
